
Microsoft Visual Studio Solution File, Format Version 12.00
# Visual Studio Version 17
VisualStudioVersion = 17.9.34616.47
MinimumVisualStudioVersion = 10.0.40219.1
Project("{9A19103F-16F7-4668-BE54-9A1E7A4F7556}") = "HelloWorld240318", "HelloWorld240318.csproj", "{34A20B8D-DB0C-4831-AE99-0FA50D983672}"
EndProject
Global
	GlobalSection(SolutionConfigurationPlatforms) = preSolution
		Debug|Any CPU = Debug|Any CPU
		Release|Any CPU = Release|Any CPU
	EndGlobalSection
	GlobalSection(ProjectConfigurationPlatforms) = postSolution
		{34A20B8D-DB0C-4831-AE99-0FA50D983672}.Debug|Any CPU.ActiveCfg = Debug|Any CPU
		{34A20B8D-DB0C-4831-AE99-0FA50D983672}.Debug|Any CPU.Build.0 = Debug|Any CPU
		{34A20B8D-DB0C-4831-AE99-0FA50D983672}.Release|Any CPU.ActiveCfg = Release|Any CPU
		{34A20B8D-DB0C-4831-AE99-0FA50D983672}.Release|Any CPU.Build.0 = Release|Any CPU
	EndGlobalSection
	GlobalSection(SolutionProperties) = preSolution
		HideSolutionNode = FALSE
	EndGlobalSection
	GlobalSection(ExtensibilityGlobals) = postSolution
		SolutionGuid = {AE6BAE32-998E-414A-B087-E560EF2B2B86}
	EndGlobalSection
EndGlobal
